// !$*UTF8*$!
{
	archiveVersion = 1;
	classes = {
	};
	objectVersion = 50;
	objects = {

/* Begin PBXBuildFile section */
		660675AD239B0E9B00345E40 /* AppDelegate.swift in Sources */ = {isa = PBXBuildFile; fileRef = 660675AC239B0E9B00345E40 /* AppDelegate.swift */; };
		660675AF239B0E9B00345E40 /* SceneDelegate.swift in Sources */ = {isa = PBXBuildFile; fileRef = 660675AE239B0E9B00345E40 /* SceneDelegate.swift */; };
		660675B1239B0E9B00345E40 /* ViewController.swift in Sources */ = {isa = PBXBuildFile; fileRef = 660675B0239B0E9B00345E40 /* ViewController.swift */; };
		660675B4239B0E9B00345E40 /* Main.storyboard in Resources */ = {isa = PBXBuildFile; fileRef = 660675B2239B0E9B00345E40 /* Main.storyboard */; };
		660675B6239B0EA300345E40 /* Assets.xcassets in Resources */ = {isa = PBXBuildFile; fileRef = 660675B5239B0EA300345E40 /* Assets.xcassets */; };
		660675B9239B0EA300345E40 /* LaunchScreen.storyboard in Resources */ = {isa = PBXBuildFile; fileRef = 660675B7239B0EA300345E40 /* LaunchScreen.storyboard */; };
		660675C4239B0EA300345E40 /* CalculatorTests.swift in Sources */ = {isa = PBXBuildFile; fileRef = 660675C3239B0EA300345E40 /* CalculatorTests.swift */; };
		660675CF239B0EA300345E40 /* CalculatorUITests.swift in Sources */ = {isa = PBXBuildFile; fileRef = 660675CE239B0EA300345E40 /* CalculatorUITests.swift */; };
/* End PBXBuildFile section */

/* Begin PBXContainerItemProxy section */
		660675C0239B0EA300345E40 /* PBXContainerItemProxy */ = {
			isa = PBXContainerItemProxy;
			containerPortal = 660675A1239B0E9B00345E40 /* Project object */;
			proxyType = 1;
			remoteGlobalIDString = 660675A8239B0E9B00345E40;
			remoteInfo = Calculator;
		};
		660675CB239B0EA300345E40 /* PBXContainerItemProxy */ = {
			isa = PBXContainerItemProxy;
			containerPortal = 660675A1239B0E9B00345E40 /* Project object */;
			proxyType = 1;
			remoteGlobalIDString = 660675A8239B0E9B00345E40;
			remoteInfo = Calculator;
		};
/* End PBXContainerItemProxy section */

/* Begin PBXFileReference section */
		660675A9239B0E9B00345E40 /* Calculator.app */ = {isa = PBXFileReference; explicitFileType = wrapper.application; includeInIndex = 0; path = Calculator.app; sourceTree = BUILT_PRODUCTS_DIR; };
		660675AC239B0E9B00345E40 /* AppDelegate.swift */ = {isa = PBXFileReference; lastKnownFileType = sourcecode.swift; path = AppDelegate.swift; sourceTree = "<group>"; };
		660675AE239B0E9B00345E40 /* SceneDelegate.swift */ = {isa = PBXFileReference; lastKnownFileType = sourcecode.swift; path = SceneDelegate.swift; sourceTree = "<group>"; };
		660675B0239B0E9B00345E40 /* ViewController.swift */ = {isa = PBXFileReference; lastKnownFileType = sourcecode.swift; path = ViewController.swift; sourceTree = "<group>"; };
		660675B3239B0E9B00345E40 /* Base */ = {isa = PBXFileReference; lastKnownFileType = file.storyboard; name = Base; path = Base.lproj/Main.storyboard; sourceTree = "<group>"; };
		660675B5239B0EA300345E40 /* Assets.xcassets */ = {isa = PBXFileReference; lastKnownFileType = folder.assetcatalog; path = Assets.xcassets; sourceTree = "<group>"; };
		660675B8239B0EA300345E40 /* Base */ = {isa = PBXFileReference; lastKnownFileType = file.storyboard; name = Base; path = Base.lproj/LaunchScreen.storyboard; sourceTree = "<group>"; };
		660675BA239B0EA300345E40 /* Info.plist */ = {isa = PBXFileReference; lastKnownFileType = text.plist.xml; path = Info.plist; sourceTree = "<group>"; };
		660675BF239B0EA300345E40 /* CalculatorTests.xctest */ = {isa = PBXFileReference; explicitFileType = wrapper.cfbundle; includeInIndex = 0; path = CalculatorTests.xctest; sourceTree = BUILT_PRODUCTS_DIR; };
		660675C3239B0EA300345E40 /* CalculatorTests.swift */ = {isa = PBXFileReference; lastKnownFileType = sourcecode.swift; path = CalculatorTests.swift; sourceTree = "<group>"; };
		660675C5239B0EA300345E40 /* Info.plist */ = {isa = PBXFileReference; lastKnownFileType = text.plist.xml; path = Info.plist; sourceTree = "<group>"; };
		660675CA239B0EA300345E40 /* CalculatorUITests.xctest */ = {isa = PBXFileReference; explicitFileType = wrapper.cfbundle; includeInIndex = 0; path = CalculatorUITests.xctest; sourceTree = BUILT_PRODUCTS_DIR; };
		660675CE239B0EA300345E40 /* CalculatorUITests.swift */ = {isa = PBXFileReference; lastKnownFileType = sourcecode.swift; path = CalculatorUITests.swift; sourceTree = "<group>"; };
		660675D0239B0EA300345E40 /* Info.plist */ = {isa = PBXFileReference; lastKnownFileType = text.plist.xml; path = Info.plist; sourceTree = "<group>"; };
/* End PBXFileReference section */

/* Begin PBXFrameworksBuildPhase section */
		660675A6239B0E9B00345E40 /* Frameworks */ = {
			isa = PBXFrameworksBuildPhase;
			buildActionMask = 2147483647;
			files = (
			);
			runOnlyForDeploymentPostprocessing = 0;
		};
		660675BC239B0EA300345E40 /* Frameworks */ = {
			isa = PBXFrameworksBuildPhase;
			buildActionMask = 2147483647;
			files = (
			);
			runOnlyForDeploymentPostprocessing = 0;
		};
		660675C7239B0EA300345E40 /* Frameworks */ = {
			isa = PBXFrameworksBuildPhase;
			buildActionMask = 2147483647;
			files = (
			);
			runOnlyForDeploymentPostprocessing = 0;
		};
/* End PBXFrameworksBuildPhase section */

/* Begin PBXGroup section */
		660675A0239B0E9B00345E40 = {
			isa = PBXGroup;
			children = (
				660675AB239B0E9B00345E40 /* Calculator */,
				660675C2239B0EA300345E40 /* CalculatorTests */,
				660675CD239B0EA300345E40 /* CalculatorUITests */,
				660675AA239B0E9B00345E40 /* Products */,
			);
			sourceTree = "<group>";
		};
		660675AA239B0E9B00345E40 /* Products */ = {
			isa = PBXGroup;
			children = (
				660675A9239B0E9B00345E40 /* Calculator.app */,
				660675BF239B0EA300345E40 /* CalculatorTests.xctest */,
				660675CA239B0EA300345E40 /* CalculatorUITests.xctest */,
			);
			name = Products;
			sourceTree = "<group>";
		};
		660675AB239B0E9B00345E40 /* Calculator */ = {
			isa = PBXGroup;
			children = (
				660675AC239B0E9B00345E40 /* AppDelegate.swift */,
				660675AE239B0E9B00345E40 /* SceneDelegate.swift */,
				660675B0239B0E9B00345E40 /* ViewController.swift */,
				660675B2239B0E9B00345E40 /* Main.storyboard */,
				660675B5239B0EA300345E40 /* Assets.xcassets */,
				660675B7239B0EA300345E40 /* LaunchScreen.storyboard */,
				660675BA239B0EA300345E40 /* Info.plist */,
			);
			path = Calculator;
			sourceTree = "<group>";
		};
		660675C2239B0EA300345E40 /* CalculatorTests */ = {
			isa = PBXGroup;
			children = (
				660675C3239B0EA300345E40 /* CalculatorTests.swift */,
				660675C5239B0EA300345E40 /* Info.plist */,
			);
			path = CalculatorTests;
			sourceTree = "<group>";
		};
		660675CD239B0EA300345E40 /* CalculatorUITests */ = {
			isa = PBXGroup;
			children = (
				660675CE239B0EA300345E40 /* CalculatorUITests.swift */,
				660675D0239B0EA300345E40 /* Info.plist */,
			);
			path = CalculatorUITests;
			sourceTree = "<group>";
		};
/* End PBXGroup section */

/* Begin PBXNativeTarget section */
		660675A8239B0E9B00345E40 /* Calculator */ = {
			isa = PBXNativeTarget;
			buildConfigurationList = 660675D3239B0EA300345E40 /* Build configuration list for PBXNativeTarget "Calculator" */;
			buildPhases = (
				660675A5239B0E9B00345E40 /* Sources */,
				660675A6239B0E9B00345E40 /* Frameworks */,
				660675A7239B0E9B00345E40 /* Resources */,
			);
			buildRules = (
			);
			dependencies = (
			);
			name = Calculator;
			productName = Calculator;
			productReference = 660675A9239B0E9B00345E40 /* Calculator.app */;
			productType = "com.apple.product-type.application";
		};
		660675BE239B0EA300345E40 /* CalculatorTests */ = {
			isa = PBXNativeTarget;
			buildConfigurationList = 660675D6239B0EA300345E40 /* Build configuration list for PBXNativeTarget "CalculatorTests" */;
			buildPhases = (
				660675BB239B0EA300345E40 /* Sources */,
				660675BC239B0EA300345E40 /* Frameworks */,
				660675BD239B0EA300345E40 /* Resources */,
			);
			buildRules = (
			);
			dependencies = (
				660675C1239B0EA300345E40 /* PBXTargetDependency */,
			);
			name = CalculatorTests;
			productName = CalculatorTests;
			productReference = 660675BF239B0EA300345E40 /* CalculatorTests.xctest */;
			productType = "com.apple.product-type.bundle.unit-test";
		};
		660675C9239B0EA300345E40 /* CalculatorUITests */ = {
			isa = PBXNativeTarget;
			buildConfigurationList = 660675D9239B0EA300345E40 /* Build configuration list for PBXNativeTarget "CalculatorUITests" */;
			buildPhases = (
				660675C6239B0EA300345E40 /* Sources */,
				660675C7239B0EA300345E40 /* Frameworks */,
				660675C8239B0EA300345E40 /* Resources */,
			);
			buildRules = (
			);
			dependencies = (
				660675CC239B0EA300345E40 /* PBXTargetDependency */,
			);
			name = CalculatorUITests;
			productName = CalculatorUITests;
			productReference = 660675CA239B0EA300345E40 /* CalculatorUITests.xctest */;
			productType = "com.apple.product-type.bundle.ui-testing";
		};
/* End PBXNativeTarget section */

/* Begin PBXProject section */
		660675A1239B0E9B00345E40 /* Project object */ = {
			isa = PBXProject;
			attributes = {
				LastSwiftUpdateCheck = 1120;
				LastUpgradeCheck = 1120;
				ORGANIZATIONNAME = "Robert Adrian Bucur";
				TargetAttributes = {
					660675A8239B0E9B00345E40 = {
						CreatedOnToolsVersion = 11.2.1;
					};
					660675BE239B0EA300345E40 = {
						CreatedOnToolsVersion = 11.2.1;
						TestTargetID = 660675A8239B0E9B00345E40;
					};
					660675C9239B0EA300345E40 = {
						CreatedOnToolsVersion = 11.2.1;
						TestTargetID = 660675A8239B0E9B00345E40;
					};
				};
			};
			buildConfigurationList = 660675A4239B0E9B00345E40 /* Build configuration list for PBXProject "Calculator" */;
			compatibilityVersion = "Xcode 9.3";
			developmentRegion = en;
			hasScannedForEncodings = 0;
			knownRegions = (
				en,
				Base,
			);
			mainGroup = 660675A0239B0E9B00345E40;
			productRefGroup = 660675AA239B0E9B00345E40 /* Products */;
			projectDirPath = "";
			projectRoot = "";
			targets = (
				660675A8239B0E9B00345E40 /* Calculator */,
				660675BE239B0EA300345E40 /* CalculatorTests */,
				660675C9239B0EA300345E40 /* CalculatorUITests */,
			);
		};
/* End PBXProject section */

/* Begin PBXResourcesBuildPhase section */
		660675A7239B0E9B00345E40 /* Resources */ = {
			isa = PBXResourcesBuildPhase;
			buildActionMask = 2147483647;
			files = (
				660675B9239B0EA300345E40 /* LaunchScreen.storyboard in Resources */,
				660675B6239B0EA300345E40 /* Assets.xcassets in Resources */,
				660675B4239B0E9B00345E40 /* Main.storyboard in Resources */,
			);
			runOnlyForDeploymentPostprocessing = 0;
		};
		660675BD239B0EA300345E40 /* Resources */ = {
			isa = PBXResourcesBuildPhase;
			buildActionMask = 2147483647;
			files = (
			);
			runOnlyForDeploymentPostprocessing = 0;
		};
		660675C8239B0EA300345E40 /* Resources */ = {
			isa = PBXResourcesBuildPhase;
			buildActionMask = 2147483647;
			files = (
			);
			runOnlyForDeploymentPostprocessing = 0;
		};
/* End PBXResourcesBuildPhase section */

/* Begin PBXSourcesBuildPhase section */
		660675A5239B0E9B00345E40 /* Sources */ = {
			isa = PBXSourcesBuildPhase;
			buildActionMask = 2147483647;
			files = (
				660675B1239B0E9B00345E40 /* ViewController.swift in Sources */,
				660675AD239B0E9B00345E40 /* AppDelegate.swift in Sources */,
				660675AF239B0E9B00345E40 /* SceneDelegate.swift in Sources */,
			);
			runOnlyForDeploymentPostprocessing = 0;
		};
		660675BB239B0EA300345E40 /* Sources */ = {
			isa = PBXSourcesBuildPhase;
			buildActionMask = 2147483647;
			files = (
				660675C4239B0EA300345E40 /* CalculatorTests.swift in Sources */,
			);
			runOnlyForDeploymentPostprocessing = 0;
		};
		660675C6239B0EA300345E40 /* Sources */ = {
			isa = PBXSourcesBuildPhase;
			buildActionMask = 2147483647;
			files = (
				660675CF239B0EA300345E40 /* CalculatorUITests.swift in Sources */,
			);
			runOnlyForDeploymentPostprocessing = 0;
		};
/* End PBXSourcesBuildPhase section */

/* Begin PBXTargetDependency section */
		660675C1239B0EA300345E40 /* PBXTargetDependency */ = {
			isa = PBXTargetDependency;
			target = 660675A8239B0E9B00345E40 /* Calculator */;
			targetProxy = 660675C0239B0EA300345E40 /* PBXContainerItemProxy */;
		};
		660675CC239B0EA300345E40 /* PBXTargetDependency */ = {
			isa = PBXTargetDependency;
			target = 660675A8239B0E9B00345E40 /* Calculator */;
			targetProxy = 660675CB239B0EA300345E40 /* PBXContainerItemProxy */;
		};
/* End PBXTargetDependency section */

/* Begin PBXVariantGroup section */
		660675B2239B0E9B00345E40 /* Main.storyboard */ = {
			isa = PBXVariantGroup;
			children = (
				660675B3239B0E9B00345E40 /* Base */,
			);
			name = Main.storyboard;
			sourceTree = "<group>";
		};
		660675B7239B0EA300345E40 /* LaunchScreen.storyboard */ = {
			isa = PBXVariantGroup;
			children = (
				660675B8239B0EA300345E40 /* Base */,
			);
			name = LaunchScreen.storyboard;
			sourceTree = "<group>";
		};
/* End PBXVariantGroup section */

/* Begin XCBuildConfiguration section */
		660675D1239B0EA300345E40 /* Debug */ = {
			isa = XCBuildConfiguration;
			buildSettings = {
				ALWAYS_SEARCH_USER_PATHS = NO;
				CLANG_ANALYZER_NONNULL = YES;
				CLANG_ANALYZER_NUMBER_OBJECT_CONVERSION = YES_AGGRESSIVE;
				CLANG_CXX_LANGUAGE_STANDARD = "gnu++14";
				CLANG_CXX_LIBRARY = "libc++";
				CLANG_ENABLE_MODULES = YES;
				CLANG_ENABLE_OBJC_ARC = YES;
				CLANG_ENABLE_OBJC_WEAK = YES;
				CLANG_WARN_BLOCK_CAPTURE_AUTORELEASING = YES;
				CLANG_WARN_BOOL_CONVERSION = YES;
				CLANG_WARN_COMMA = YES;
				CLANG_WARN_CONSTANT_CONVERSION = YES;
				CLANG_WARN_DEPRECATED_OBJC_IMPLEMENTATIONS = YES;
				CLANG_WARN_DIRECT_OBJC_ISA_USAGE = YES_ERROR;
				CLANG_WARN_DOCUMENTATION_COMMENTS = YES;
				CLANG_WARN_EMPTY_BODY = YES;
				CLANG_WARN_ENUM_CONVERSION = YES;
				CLANG_WARN_INFINITE_RECURSION = YES;
				CLANG_WARN_INT_CONVERSION = YES;
				CLANG_WARN_NON_LITERAL_NULL_CONVERSION = YES;
				CLANG_WARN_OBJC_IMPLICIT_RETAIN_SELF = YES;
				CLANG_WARN_OBJC_LITERAL_CONVERSION = YES;
				CLANG_WARN_OBJC_ROOT_CLASS = YES_ERROR;
				CLANG_WARN_RANGE_LOOP_ANALYSIS = YES;
				CLANG_WARN_STRICT_PROTOTYPES = YES;
				CLANG_WARN_SUSPICIOUS_MOVE = YES;
				CLANG_WARN_UNGUARDED_AVAILABILITY = YES_AGGRESSIVE;
				CLANG_WARN_UNREACHABLE_CODE = YES;
				CLANG_WARN__DUPLICATE_METHOD_MATCH = YES;
				COPY_PHASE_STRIP = NO;
				DEBUG_INFORMATION_FORMAT = dwarf;
				ENABLE_STRICT_OBJC_MSGSEND = YES;
				ENABLE_TESTABILITY = YES;
				GCC_C_LANGUAGE_STANDARD = gnu11;
				GCC_DYNAMIC_NO_PIC = NO;
				GCC_NO_COMMON_BLOCKS = YES;
				GCC_OPTIMIZATION_LEVEL = 0;
				GCC_PREPROCESSOR_DEFINITIONS = (
					"DEBUG=1",
					"$(inherited)",
				);
				GCC_WARN_64_TO_32_BIT_CONVERSION = YES;
				GCC_WARN_ABOUT_RETURN_TYPE = YES_ERROR;
				GCC_WARN_UNDECLARED_SELECTOR = YES;
				GCC_WARN_UNINITIALIZED_AUTOS = YES_AGGRESSIVE;
				GCC_WARN_UNUSED_FUNCTION = YES;
				GCC_WARN_UNUSED_VARIABLE = YES;
				IPHONEOS_DEPLOYMENT_TARGET = 13.2;
				MTL_ENABLE_DEBUG_INFO = INCLUDE_SOURCE;
				MTL_FAST_MATH = YES;
				ONLY_ACTIVE_ARCH = YES;
				SDKROOT = iphoneos;
				SWIFT_ACTIVE_COMPILATION_CONDITIONS = DEBUG;
				SWIFT_OPTIMIZATION_LEVEL = "-Onone";
			};
			name = Debug;
		};
		660675D2239B0EA300345E40 /* Release */ = {
			isa = XCBuildConfiguration;
			buildSettings = {
				ALWAYS_SEARCH_USER_PATHS = NO;
				CLANG_ANALYZER_NONNULL = YES;
				CLANG_ANALYZER_NUMBER_OBJECT_CONVERSION = YES_AGGRESSIVE;
				CLANG_CXX_LANGUAGE_STANDARD = "gnu++14";
				CLANG_CXX_LIBRARY = "libc++";
				CLANG_ENABLE_MODULES = YES;
				CLANG_ENABLE_OBJC_ARC = YES;
				CLANG_ENABLE_OBJC_WEAK = YES;
				CLANG_WARN_BLOCK_CAPTURE_AUTORELEASING = YES;
				CLANG_WARN_BOOL_CONVERSION = YES;
				CLANG_WARN_COMMA = YES;
				CLANG_WARN_CONSTANT_CONVERSION = YES;
				CLANG_WARN_DEPRECATED_OBJC_IMPLEMENTATIONS = YES;
				CLANG_WARN_DIRECT_OBJC_ISA_USAGE = YES_ERROR;
				CLANG_WARN_DOCUMENTATION_COMMENTS = YES;
				CLANG_WARN_EMPTY_BODY = YES;
				CLANG_WARN_ENUM_CONVERSION = YES;
				CLANG_WARN_INFINITE_RECURSION = YES;
				CLANG_WARN_INT_CONVERSION = YES;
				CLANG_WARN_NON_LITERAL_NULL_CONVERSION = YES;
				CLANG_WARN_OBJC_IMPLICIT_RETAIN_SELF = YES;
				CLANG_WARN_OBJC_LITERAL_CONVERSION = YES;
				CLANG_WARN_OBJC_ROOT_CLASS = YES_ERROR;
				CLANG_WARN_RANGE_LOOP_ANALYSIS = YES;
				CLANG_WARN_STRICT_PROTOTYPES = YES;
				CLANG_WARN_SUSPICIOUS_MOVE = YES;
				CLANG_WARN_UNGUARDED_AVAILABILITY = YES_AGGRESSIVE;
				CLANG_WARN_UNREACHABLE_CODE = YES;
				CLANG_WARN__DUPLICATE_METHOD_MATCH = YES;
				COPY_PHASE_STRIP = NO;
				DEBUG_INFORMATION_FORMAT = "dwarf-with-dsym";
				ENABLE_NS_ASSERTIONS = NO;
				ENABLE_STRICT_OBJC_MSGSEND = YES;
				GCC_C_LANGUAGE_STANDARD = gnu11;
				GCC_NO_COMMON_BLOCKS = YES;
				GCC_WARN_64_TO_32_BIT_CONVERSION = YES;
				GCC_WARN_ABOUT_RETURN_TYPE = YES_ERROR;
				GCC_WARN_UNDECLARED_SELECTOR = YES;
				GCC_WARN_UNINITIALIZED_AUTOS = YES_AGGRESSIVE;
				GCC_WARN_UNUSED_FUNCTION = YES;
				GCC_WARN_UNUSED_VARIABLE = YES;
				IPHONEOS_DEPLOYMENT_TARGET = 13.2;
				MTL_ENABLE_DEBUG_INFO = NO;
				MTL_FAST_MATH = YES;
				SDKROOT = iphoneos;
				SWIFT_COMPILATION_MODE = wholemodule;
				SWIFT_OPTIMIZATION_LEVEL = "-O";
				VALIDATE_PRODUCT = YES;
			};
			name = Release;
		};
		660675D4239B0EA300345E40 /* Debug */ = {
			isa = XCBuildConfiguration;
			buildSettings = {
				ASSETCATALOG_COMPILER_APPICON_NAME = AppIcon;
				CODE_SIGN_STYLE = Automatic;
				DEVELOPMENT_TEAM = 4SVSQX32T2;
				INFOPLIST_FILE = Calculator/Info.plist;
				LD_RUNPATH_SEARCH_PATHS = (
					"$(inherited)",
					"@executable_path/Frameworks",
				);
				PRODUCT_BUNDLE_IDENTIFIER = calculatorRobert;
				PRODUCT_NAME = "$(TARGET_NAME)";
				SWIFT_VERSION = 5.0;
				TARGETED_DEVICE_FAMILY = "1,2";
			};
			name = Debug;
		};
		660675D5239B0EA300345E40 /* Release */ = {
			isa = XCBuildConfiguration;
			buildSettings = {
				ASSETCATALOG_COMPILER_APPICON_NAME = AppIcon;
				CODE_SIGN_STYLE = Automatic;
				DEVELOPMENT_TEAM = 4SVSQX32T2;
				INFOPLIST_FILE = Calculator/Info.plist;
				LD_RUNPATH_SEARCH_PATHS = (
					"$(inherited)",
					"@executable_path/Frameworks",
				);
				PRODUCT_BUNDLE_IDENTIFIER = calculatorRobert;
				PRODUCT_NAME = "$(TARGET_NAME)";
				SWIFT_VERSION = 5.0;
				TARGETED_DEVICE_FAMILY = "1,2";
			};
			name = Release;
		};
		660675D7239B0EA300345E40 /* Debug */ = {
			isa = XCBuildConfiguration;
			buildSettings = {
				ALWAYS_EMBED_SWIFT_STANDARD_LIBRARIES = YES;
				BUNDLE_LOADER = "$(TEST_HOST)";
				CODE_SIGN_STYLE = Automatic;
				INFOPLIST_FILE = CalculatorTests/Info.plist;
				IPHONEOS_DEPLOYMENT_TARGET = 13.2;
				LD_RUNPATH_SEARCH_PATHS = (
					"$(inherited)",
					"@executable_path/Frameworks",
					"@loader_path/Frameworks",
				);
				PRODUCT_BUNDLE_IDENTIFIER = robert.CalculatorTests;
				PRODUCT_NAME = "$(TARGET_NAME)";
				SWIFT_VERSION = 5.0;
				TARGETED_DEVICE_FAMILY = "1,2";
				TEST_HOST = "$(BUILT_PRODUCTS_DIR)/Calculator.app/Calculator";
			};
			name = Debug;
		};
		660675D8239B0EA300345E40 /* Release */ = {
			isa = XCBuildConfiguration;
			buildSettings = {
				ALWAYS_EMBED_SWIFT_STANDARD_LIBRARIES = YES;
				BUNDLE_LOADER = "$(TEST_HOST)";
				CODE_SIGN_STYLE = Automatic;
				INFOPLIST_FILE = CalculatorTests/Info.plist;
				IPHONEOS_DEPLOYMENT_TARGET = 13.2;
				LD_RUNPATH_SEARCH_PATHS = (
					"$(inherited)",
					"@executable_path/Frameworks",
					"@loader_path/Frameworks",
				);
				PRODUCT_BUNDLE_IDENTIFIER = robert.CalculatorTests;
				PRODUCT_NAME = "$(TARGET_NAME)";
				SWIFT_VERSION = 5.0;
				TARGETED_DEVICE_FAMILY = "1,2";
				TEST_HOST = "$(BUILT_PRODUCTS_DIR)/Calculator.app/Calculator";
			};
			name = Release;
		};
		660675DA239B0EA300345E40 /* Debug */ = {
			isa = XCBuildConfiguration;
			buildSettings = {
				ALWAYS_EMBED_SWIFT_STANDARD_LIBRARIES = YES;
				CODE_SIGN_STYLE = Automatic;
				INFOPLIST_FILE = CalculatorUITests/Info.plist;
				LD_RUNPATH_SEARCH_PATHS = (
					"$(inherited)",
					"@executable_path/Frameworks",
					"@loader_path/Frameworks",
				);
				PRODUCT_BUNDLE_IDENTIFIER = robert.CalculatorUITests;
				PRODUCT_NAME = "$(TARGET_NAME)";
				SWIFT_VERSION = 5.0;
				TARGETED_DEVICE_FAMILY = "1,2";
				TEST_TARGET_NAME = Calculator;
			};
			name = Debug;
		};
		660675DB239B0EA300345E40 /* Release */ = {
			isa = XCBuildConfiguration;
			buildSettings = {
				ALWAYS_EMBED_SWIFT_STANDARD_LIBRARIES = YES;
				CODE_SIGN_STYLE = Automatic;
				INFOPLIST_FILE = CalculatorUITests/Info.plist;
				LD_RUNPATH_SEARCH_PATHS = (
					"$(inherited)",
					"@executable_path/Frameworks",
					"@loader_path/Frameworks",
				);
				PRODUCT_BUNDLE_IDENTIFIER = robert.CalculatorUITests;
				PRODUCT_NAME = "$(TARGET_NAME)";
				SWIFT_VERSION = 5.0;
				TARGETED_DEVICE_FAMILY = "1,2";
				TEST_TARGET_NAME = Calculator;
			};
			name = Release;
		};
/* End XCBuildConfiguration section */

/* Begin XCConfigurationList section */
		660675A4239B0E9B00345E40 /* Build configuration list for PBXProject "Calculator" */ = {
			isa = XCConfigurationList;
			buildConfigurations = (
				660675D1239B0EA300345E40 /* Debug */,
				660675D2239B0EA300345E40 /* Release */,
			);
			defaultConfigurationIsVisible = 0;
			defaultConfigurationName = Release;
		};
		660675D3239B0EA300345E40 /* Build configuration list for PBXNativeTarget "Calculator" */ = {
			isa = XCConfigurationList;
			buildConfigurations = (
				660675D4239B0EA300345E40 /* Debug */,
				660675D5239B0EA300345E40 /* Release */,
			);
			defaultConfigurationIsVisible = 0;
			defaultConfigurationName = Release;
		};
		660675D6239B0EA300345E40 /* Build configuration list for PBXNativeTarget "CalculatorTests" */ = {
			isa = XCConfigurationList;
			buildConfigurations = (
				660675D7239B0EA300345E40 /* Debug */,
				660675D8239B0EA300345E40 /* Release */,
			);
			defaultConfigurationIsVisible = 0;
			defaultConfigurationName = Release;
		};
		660675D9239B0EA300345E40 /* Build configuration list for PBXNativeTarget "CalculatorUITests" */ = {
			isa = XCConfigurationList;
			buildConfigurations = (
				660675DA239B0EA300345E40 /* Debug */,
				660675DB239B0EA300345E40 /* Release */,
			);
			defaultConfigurationIsVisible = 0;
			defaultConfigurationName = Release;
		};
/* End XCConfigurationList section */
	};
	rootObject = 660675A1239B0E9B00345E40 /* Project object */;
}
